// !$*UTF8*$!
{
	archiveVersion = 1;
	classes = {
	};
	objectVersion = 77;
	objects = {

/* Begin PBXContainerItemProxy section */
		52C114052FDC7CF5003E5238 /* PBXContainerItemProxy */ = {
			isa = PBXContainerItemProxy;
			containerPortal = 52C113ED2FDC7CEE003E5238 /* Project object */;
			proxyType = 1;
			remoteGlobalIDString = 52C113F42FDC7CEE003E5238;
			remoteInfo = "Digitaal Hit Fm";
		};
		52C1140F2FDC7CF5003E5238 /* PBXContainerItemProxy */ = {
			isa = PBXContainerItemProxy;
			containerPortal = 52C113ED2FDC7CEE003E5238 /* Project object */;
			proxyType = 1;
			remoteGlobalIDString = 52C113F42FDC7CEE003E5238;
			remoteInfo = "Digitaal Hit Fm";
		};
/* End PBXContainerItemProxy section */

/* Begin PBXFileReference section */
		52C113F52FDC7CEE003E5238 /* Digitaal Hit Fm.app */ = {isa = PBXFileReference; explicitFileType = wrapper.application; includeInIndex = 0; path = "Digitaal Hit Fm.app"; sourceTree = BUILT_PRODUCTS_DIR; };
		52C114042FDC7CF5003E5238 /* Digitaal Hit FmTests.xctest */ = {isa = PBXFileReference; explicitFileType = wrapper.cfbundle; includeInIndex = 0; path = "Digitaal Hit FmTests.xctest"; sourceTree = BUILT_PRODUCTS_DIR; };
		52C1140E2FDC7CF5003E5238 /* Digitaal Hit FmUITests.xctest */ = {isa = PBXFileReference; explicitFileType = wrapper.cfbundle; includeInIndex = 0; path = "Digitaal Hit FmUITests.xctest"; sourceTree = BUILT_PRODUCTS_DIR; };
/* End PBXFileReference section */

/* Begin PBXFileSystemSynchronizedRootGroup section */
		52C113F72FDC7CEE003E5238 /* Digitaal Hit Fm */ = {
			isa = PBXFileSystemSynchronizedRootGroup;
			path = "Digitaal Hit Fm";
			sourceTree = "<group>";
		};
		52C114072FDC7CF5003E5238 /* Digitaal Hit FmTests */ = {
			isa = PBXFileSystemSynchronizedRootGroup;
			path = "Digitaal Hit FmTests";
			sourceTree = "<group>";
		};
		52C114112FDC7CF5003E5238 /* Digitaal Hit FmUITests */ = {
			isa = PBXFileSystemSynchronizedRootGroup;
			path = "Digitaal Hit FmUITests";
			sourceTree = "<group>";
		};
/* End PBXFileSystemSynchronizedRootGroup section */

/* Begin PBXFrameworksBuildPhase section */
		52C113F22FDC7CEE003E5238 /* Frameworks */ = {
			isa = PBXFrameworksBuildPhase;
			buildActionMask = 2147483647;
			files = (
			);
			runOnlyForDeploymentPostprocessing = 0;
		};
		52C114012FDC7CF5003E5238 /* Frameworks */ = {
			isa = PBXFrameworksBuildPhase;
			buildActionMask = 2147483647;
			files = (
			);
			runOnlyForDeploymentPostprocessing = 0;
		};
		52C1140B2FDC7CF5003E5238 /* Frameworks */ = {
			isa = PBXFrameworksBuildPhase;
			buildActionMask = 2147483647;
			files = (
			);
			runOnlyForDeploymentPostprocessing = 0;
		};
/* End PBXFrameworksBuildPhase section */

/* Begin PBXGroup section */
		52C113EC2FDC7CEE003E5238 = {
			isa = PBXGroup;
			children = (
				52C113F72FDC7CEE003E5238 /* Digitaal Hit Fm */,
				52C114072FDC7CF5003E5238 /* Digitaal Hit FmTests */,
				52C114112FDC7CF5003E5238 /* Digitaal Hit FmUITests */,
				52C113F62FDC7CEE003E5238 /* Products */,
			);
			sourceTree = "<group>";
		};
		52C113F62FDC7CEE003E5238 /* Products */ = {
			isa = PBXGroup;
			children = (
				52C113F52FDC7CEE003E5238 /* Digitaal Hit Fm.app */,
				52C114042FDC7CF5003E5238 /* Digitaal Hit FmTests.xctest */,
				52C1140E2FDC7CF5003E5238 /* Digitaal Hit FmUITests.xctest */,
			);
			name = Products;
			sourceTree = "<group>";
		};
/* End PBXGroup section */

/* Begin PBXNativeTarget section */
		52C113F42FDC7CEE003E5238 /* Digitaal Hit Fm */ = {
			isa = PBXNativeTarget;
			buildConfigurationList = 52C114182FDC7CF5003E5238 /* Build configuration list for PBXNativeTarget "Digitaal Hit Fm" */;
			buildPhases = (
				52C113F12FDC7CEE003E5238 /* Sources */,
				52C113F22FDC7CEE003E5238 /* Frameworks */,
				52C113F32FDC7CEE003E5238 /* Resources */,
			);
			buildRules = (
			);
			dependencies = (
			);
			fileSystemSynchronizedGroups = (
				52C113F72FDC7CEE003E5238 /* Digitaal Hit Fm */,
			);
			name = "Digitaal Hit Fm";
			packageProductDependencies = (
			);
			productName = "Digitaal Hit Fm";
			productReference = 52C113F52FDC7CEE003E5238 /* Digitaal Hit Fm.app */;
			productType = "com.apple.product-type.application";
		};
		52C114032FDC7CF5003E5238 /* Digitaal Hit FmTests */ = {
			isa = PBXNativeTarget;
			buildConfigurationList = 52C1141B2FDC7CF5003E5238 /* Build configuration list for PBXNativeTarget "Digitaal Hit FmTests" */;
			buildPhases = (
				52C114002FDC7CF5003E5238 /* Sources */,
				52C114012FDC7CF5003E5238 /* Frameworks */,
				52C114022FDC7CF5003E5238 /* Resources */,
			);
			buildRules = (
			);
			dependencies = (
				52C114062FDC7CF5003E5238 /* PBXTargetDependency */,
			);
			fileSystemSynchronizedGroups = (
				52C114072FDC7CF5003E5238 /* Digitaal Hit FmTests */,
			);
			name = "Digitaal Hit FmTests";
			packageProductDependencies = (
			);
			productName = "Digitaal Hit FmTests";
			productReference = 52C114042FDC7CF5003E5238 /* Digitaal Hit FmTests.xctest */;
			productType = "com.apple.product-type.bundle.unit-test";
		};
		52C1140D2FDC7CF5003E5238 /* Digitaal Hit FmUITests */ = {
			isa = PBXNativeTarget;
			buildConfigurationList = 52C1141E2FDC7CF5003E5238 /* Build configuration list for PBXNativeTarget "Digitaal Hit FmUITests" */;
			buildPhases = (
				52C1140A2FDC7CF5003E5238 /* Sources */,
				52C1140B2FDC7CF5003E5238 /* Frameworks */,
				52C1140C2FDC7CF5003E5238 /* Resources */,
			);
			buildRules = (
			);
			dependencies = (
				52C114102FDC7CF5003E5238 /* PBXTargetDependency */,
			);
			fileSystemSynchronizedGroups = (
				52C114112FDC7CF5003E5238 /* Digitaal Hit FmUITests */,
			);
			name = "Digitaal Hit FmUITests";
			packageProductDependencies = (
			);
			productName = "Digitaal Hit FmUITests";
			productReference = 52C1140E2FDC7CF5003E5238 /* Digitaal Hit FmUITests.xctest */;
			productType = "com.apple.product-type.bundle.ui-testing";
		};
/* End PBXNativeTarget section */

/* Begin PBXProject section */
		52C113ED2FDC7CEE003E5238 /* Project object */ = {
			isa = PBXProject;
			attributes = {
				BuildIndependentTargetsInParallel = 1;
				LastSwiftUpdateCheck = 2620;
				LastUpgradeCheck = 2620;
				TargetAttributes = {
					52C113F42FDC7CEE003E5238 = {
						CreatedOnToolsVersion = 26.2;
					};
					52C114032FDC7CF5003E5238 = {
						CreatedOnToolsVersion = 26.2;
						TestTargetID = 52C113F42FDC7CEE003E5238;
					};
					52C1140D2FDC7CF5003E5238 = {
						CreatedOnToolsVersion = 26.2;
						TestTargetID = 52C113F42FDC7CEE003E5238;
					};
				};
			};
			buildConfigurationList = 52C113F02FDC7CEE003E5238 /* Build configuration list for PBXProject "Digitaal Hit Fm" */;
			developmentRegion = en;
			hasScannedForEncodings = 0;
			knownRegions = (
				en,
				Base,
			);
			mainGroup = 52C113EC2FDC7CEE003E5238;
			minimizedProjectReferenceProxies = 1;
			preferredProjectObjectVersion = 77;
			productRefGroup = 52C113F62FDC7CEE003E5238 /* Products */;
			projectDirPath = "";
			projectRoot = "";
			targets = (
				52C113F42FDC7CEE003E5238 /* Digitaal Hit Fm */,
				52C114032FDC7CF5003E5238 /* Digitaal Hit FmTests */,
				52C1140D2FDC7CF5003E5238 /* Digitaal Hit FmUITests */,
			);
		};
/* End PBXProject section */

/* Begin PBXResourcesBuildPhase section */
		52C113F32FDC7CEE003E5238 /* Resources */ = {
			isa = PBXResourcesBuildPhase;
			buildActionMask = 2147483647;
			files = (
			);
			runOnlyForDeploymentPostprocessing = 0;
		};
		52C114022FDC7CF5003E5238 /* Resources */ = {
			isa = PBXResourcesBuildPhase;
			buildActionMask = 2147483647;
			files = (
			);
			runOnlyForDeploymentPostprocessing = 0;
		};
		52C1140C2FDC7CF5003E5238 /* Resources */ = {
			isa = PBXResourcesBuildPhase;
			buildActionMask = 2147483647;
			files = (
			);
			runOnlyForDeploymentPostprocessing = 0;
		};
/* End PBXResourcesBuildPhase section */

/* Begin PBXSourcesBuildPhase section */
		52C113F12FDC7CEE003E5238 /* Sources */ = {
			isa = PBXSourcesBuildPhase;
			buildActionMask = 2147483647;
			files = (
			);
			runOnlyForDeploymentPostprocessing = 0;
		};
		52C114002FDC7CF5003E5238 /* Sources */ = {
			isa = PBXSourcesBuildPhase;
			buildActionMask = 2147483647;
			files = (
			);
			runOnlyForDeploymentPostprocessing = 0;
		};
		52C1140A2FDC7CF5003E5238 /* Sources */ = {
			isa = PBXSourcesBuildPhase;
			buildActionMask = 2147483647;
			files = (
			);
			runOnlyForDeploymentPostprocessing = 0;
		};
/* End PBXSourcesBuildPhase section */

/* Begin PBXTargetDependency section */
		52C114062FDC7CF5003E5238 /* PBXTargetDependency */ = {
			isa = PBXTargetDependency;
			target = 52C113F42FDC7CEE003E5238 /* Digitaal Hit Fm */;
			targetProxy = 52C114052FDC7CF5003E5238 /* PBXContainerItemProxy */;
		};
		52C114102FDC7CF5003E5238 /* PBXTargetDependency */ = {
			isa = PBXTargetDependency;
			target = 52C113F42FDC7CEE003E5238 /* Digitaal Hit Fm */;
			targetProxy = 52C1140F2FDC7CF5003E5238 /* PBXContainerItemProxy */;
		};
/* End PBXTargetDependency section */

/* Begin XCBuildConfiguration section */
		52C114162FDC7CF5003E5238 /* Debug */ = {
			isa = XCBuildConfiguration;
			buildSettings = {
				ALWAYS_SEARCH_USER_PATHS = NO;
				ASSETCATALOG_COMPILER_GENERATE_SWIFT_ASSET_SYMBOL_EXTENSIONS = YES;
				CLANG_ANALYZER_NONNULL = YES;
				CLANG_ANALYZER_NUMBER_OBJECT_CONVERSION = YES_AGGRESSIVE;
				CLANG_CXX_LANGUAGE_STANDARD = "gnu++20";
				CLANG_ENABLE_MODULES = YES;
				CLANG_ENABLE_OBJC_ARC = YES;
				CLANG_ENABLE_OBJC_WEAK = YES;
				CLANG_WARN_BLOCK_CAPTURE_AUTORELEASING = YES;
				CLANG_WARN_BOOL_CONVERSION = YES;
				CLANG_WARN_COMMA = YES;
				CLANG_WARN_CONSTANT_CONVERSION = YES;
				CLANG_WARN_DEPRECATED_OBJC_IMPLEMENTATIONS = YES;
				CLANG_WARN_DIRECT_OBJC_ISA_USAGE = YES_ERROR;
				CLANG_WARN_DOCUMENTATION_COMMENTS = YES;
				CLANG_WARN_EMPTY_BODY = YES;
				CLANG_WARN_ENUM_CONVERSION = YES;
				CLANG_WARN_INFINITE_RECURSION = YES;
				CLANG_WARN_INT_CONVERSION = YES;
				CLANG_WARN_NON_LITERAL_NULL_CONVERSION = YES;
				CLANG_WARN_OBJC_IMPLICIT_RETAIN_SELF = YES;
				CLANG_WARN_OBJC_LITERAL_CONVERSION = YES;
				CLANG_WARN_OBJC_ROOT_CLASS = YES_ERROR;
				CLANG_WARN_QUOTED_INCLUDE_IN_FRAMEWORK_HEADER = YES;
				CLANG_WARN_RANGE_LOOP_ANALYSIS = YES;
				CLANG_WARN_STRICT_PROTOTYPES = YES;
				CLANG_WARN_SUSPICIOUS_MOVE = YES;
				CLANG_WARN_UNGUARDED_AVAILABILITY = YES_AGGRESSIVE;
				CLANG_WARN_UNREACHABLE_CODE = YES;
				CLANG_WARN__DUPLICATE_METHOD_MATCH = YES;
				COPY_PHASE_STRIP = NO;
				DEBUG_INFORMATION_FORMAT = dwarf;
				DEVELOPMENT_TEAM = ZZ6C4342NF;
				ENABLE_STRICT_OBJC_MSGSEND = YES;
				ENABLE_TESTABILITY = YES;
				ENABLE_USER_SCRIPT_SANDBOXING = YES;
				GCC_C_LANGUAGE_STANDARD = gnu17;
				GCC_DYNAMIC_NO_PIC = NO;
				GCC_NO_COMMON_BLOCKS = YES;
				GCC_OPTIMIZATION_LEVEL = 0;
				GCC_PREPROCESSOR_DEFINITIONS = (
					"DEBUG=1",
					"$(inherited)",
				);
				GCC_WARN_64_TO_32_BIT_CONVERSION = YES;
				GCC_WARN_ABOUT_RETURN_TYPE = YES_ERROR;
				GCC_WARN_UNDECLARED_SELECTOR = YES;
				GCC_WARN_UNINITIALIZED_AUTOS = YES_AGGRESSIVE;
				GCC_WARN_UNUSED_FUNCTION = YES;
				GCC_WARN_UNUSED_VARIABLE = YES;
				IPHONEOS_DEPLOYMENT_TARGET = 26.2;
				LOCALIZATION_PREFERS_STRING_CATALOGS = YES;
				MTL_ENABLE_DEBUG_INFO = INCLUDE_SOURCE;
				MTL_FAST_MATH = YES;
				ONLY_ACTIVE_ARCH = YES;
				SDKROOT = iphoneos;
				SWIFT_ACTIVE_COMPILATION_CONDITIONS = "DEBUG $(inherited)";
				SWIFT_OPTIMIZATION_LEVEL = "-Onone";
			};
			name = Debug;
		};
		52C114172FDC7CF5003E5238 /* Release */ = {
			isa = XCBuildConfiguration;
			buildSettings = {
				ALWAYS_SEARCH_USER_PATHS = NO;
				ASSETCATALOG_COMPILER_GENERATE_SWIFT_ASSET_SYMBOL_EXTENSIONS = YES;
				CLANG_ANALYZER_NONNULL = YES;
				CLANG_ANALYZER_NUMBER_OBJECT_CONVERSION = YES_AGGRESSIVE;
				CLANG_CXX_LANGUAGE_STANDARD = "gnu++20";
				CLANG_ENABLE_MODULES = YES;
				CLANG_ENABLE_OBJC_ARC = YES;
				CLANG_ENABLE_OBJC_WEAK = YES;
				CLANG_WARN_BLOCK_CAPTURE_AUTORELEASING = YES;
				CLANG_WARN_BOOL_CONVERSION = YES;
				CLANG_WARN_COMMA = YES;
				CLANG_WARN_CONSTANT_CONVERSION = YES;
				CLANG_WARN_DEPRECATED_OBJC_IMPLEMENTATIONS = YES;
				CLANG_WARN_DIRECT_OBJC_ISA_USAGE = YES_ERROR;
				CLANG_WARN_DOCUMENTATION_COMMENTS = YES;
				CLANG_WARN_EMPTY_BODY = YES;
				CLANG_WARN_ENUM_CONVERSION = YES;
				CLANG_WARN_INFINITE_RECURSION = YES;
				CLANG_WARN_INT_CONVERSION = YES;
				CLANG_WARN_NON_LITERAL_NULL_CONVERSION = YES;
				CLANG_WARN_OBJC_IMPLICIT_RETAIN_SELF = YES;
				CLANG_WARN_OBJC_LITERAL_CONVERSION = YES;
				CLANG_WARN_OBJC_ROOT_CLASS = YES_ERROR;
				CLANG_WARN_QUOTED_INCLUDE_IN_FRAMEWORK_HEADER = YES;
				CLANG_WARN_RANGE_LOOP_ANALYSIS = YES;
				CLANG_WARN_STRICT_PROTOTYPES = YES;
				CLANG_WARN_SUSPICIOUS_MOVE = YES;
				CLANG_WARN_UNGUARDED_AVAILABILITY = YES_AGGRESSIVE;
				CLANG_WARN_UNREACHABLE_CODE = YES;
				CLANG_WARN__DUPLICATE_METHOD_MATCH = YES;
				COPY_PHASE_STRIP = NO;
				DEBUG_INFORMATION_FORMAT = "dwarf-with-dsym";
				DEVELOPMENT_TEAM = ZZ6C4342NF;
				ENABLE_NS_ASSERTIONS = NO;
				ENABLE_STRICT_OBJC_MSGSEND = YES;
				ENABLE_USER_SCRIPT_SANDBOXING = YES;
				GCC_C_LANGUAGE_STANDARD = gnu17;
				GCC_NO_COMMON_BLOCKS = YES;
				GCC_WARN_64_TO_32_BIT_CONVERSION = YES;
				GCC_WARN_ABOUT_RETURN_TYPE = YES_ERROR;
				GCC_WARN_UNDECLARED_SELECTOR = YES;
				GCC_WARN_UNINITIALIZED_AUTOS = YES_AGGRESSIVE;
				GCC_WARN_UNUSED_FUNCTION = YES;
				GCC_WARN_UNUSED_VARIABLE = YES;
				IPHONEOS_DEPLOYMENT_TARGET = 26.2;
				LOCALIZATION_PREFERS_STRING_CATALOGS = YES;
				MTL_ENABLE_DEBUG_INFO = NO;
				MTL_FAST_MATH = YES;
				SDKROOT = iphoneos;
				SWIFT_COMPILATION_MODE = wholemodule;
				VALIDATE_PRODUCT = YES;
			};
			name = Release;
		};
		52C114192FDC7CF5003E5238 /* Debug */ = {
			isa = XCBuildConfiguration;
			buildSettings = {
				ASSETCATALOG_COMPILER_APPICON_NAME = AppIcon;
				ASSETCATALOG_COMPILER_GLOBAL_ACCENT_COLOR_NAME = AccentColor;
				CODE_SIGN_STYLE = Automatic;
				CURRENT_PROJECT_VERSION = 1;
				DEVELOPMENT_TEAM = ZZ6C4342NF;
				ENABLE_PREVIEWS = YES;
				GENERATE_INFOPLIST_FILE = YES;
				INFOPLIST_KEY_UIApplicationSceneManifest_Generation = YES;
				INFOPLIST_KEY_UIApplicationSupportsIndirectInputEvents = YES;
				INFOPLIST_KEY_UILaunchScreen_Generation = YES;
				INFOPLIST_KEY_UISupportedInterfaceOrientations_iPad = "UIInterfaceOrientationPortrait UIInterfaceOrientationPortraitUpsideDown UIInterfaceOrientationLandscapeLeft UIInterfaceOrientationLandscapeRight";
				INFOPLIST_KEY_UISupportedInterfaceOrientations_iPhone = "UIInterfaceOrientationPortrait UIInterfaceOrientationLandscapeLeft UIInterfaceOrientationLandscapeRight";
				LD_RUNPATH_SEARCH_PATHS = (
					"$(inherited)",
					"@executable_path/Frameworks",
				);
				MARKETING_VERSION = 1.0;
				PRODUCT_BUNDLE_IDENTIFIER = "Digitaal-Hit-FM.Digitaal-Hit-FM-iPad.Digitaal-Hit-Fm";
				PRODUCT_NAME = "$(TARGET_NAME)";
				STRING_CATALOG_GENERATE_SYMBOLS = YES;
				SWIFT_APPROACHABLE_CONCURRENCY = YES;
				SWIFT_DEFAULT_ACTOR_ISOLATION = MainActor;
				SWIFT_EMIT_LOC_STRINGS = YES;
				SWIFT_UPCOMING_FEATURE_MEMBER_IMPORT_VISIBILITY = YES;
				SWIFT_VERSION = 5.0;
				TARGETED_DEVICE_FAMILY = "1,2";
			};
			name = Debug;
		};
		52C1141A2FDC7CF5003E5238 /* Release */ = {
			isa = XCBuildConfiguration;
			buildSettings = {
				ASSETCATALOG_COMPILER_APPICON_NAME = AppIcon;
				ASSETCATALOG_COMPILER_GLOBAL_ACCENT_COLOR_NAME = AccentColor;
				CODE_SIGN_STYLE = Automatic;
				CURRENT_PROJECT_VERSION = 1;
				DEVELOPMENT_TEAM = ZZ6C4342NF;
				ENABLE_PREVIEWS = YES;
				GENERATE_INFOPLIST_FILE = YES;
				INFOPLIST_KEY_UIApplicationSceneManifest_Generation = YES;
				INFOPLIST_KEY_UIApplicationSupportsIndirectInputEvents = YES;
				INFOPLIST_KEY_UILaunchScreen_Generation = YES;
				INFOPLIST_KEY_UISupportedInterfaceOrientations_iPad = "UIInterfaceOrientationPortrait UIInterfaceOrientationPortraitUpsideDown UIInterfaceOrientationLandscapeLeft UIInterfaceOrientationLandscapeRight";
				INFOPLIST_KEY_UISupportedInterfaceOrientations_iPhone = "UIInterfaceOrientationPortrait UIInterfaceOrientationLandscapeLeft UIInterfaceOrientationLandscapeRight";
				LD_RUNPATH_SEARCH_PATHS = (
					"$(inherited)",
					"@executable_path/Frameworks",
				);
				MARKETING_VERSION = 1.0;
				PRODUCT_BUNDLE_IDENTIFIER = "Digitaal-Hit-FM.Digitaal-Hit-FM-iPad.Digitaal-Hit-Fm";
				PRODUCT_NAME = "$(TARGET_NAME)";
				STRING_CATALOG_GENERATE_SYMBOLS = YES;
				SWIFT_APPROACHABLE_CONCURRENCY = YES;
				SWIFT_DEFAULT_ACTOR_ISOLATION = MainActor;
				SWIFT_EMIT_LOC_STRINGS = YES;
				SWIFT_UPCOMING_FEATURE_MEMBER_IMPORT_VISIBILITY = YES;
				SWIFT_VERSION = 5.0;
				TARGETED_DEVICE_FAMILY = "1,2";
			};
			name = Release;
		};
		52C1141C2FDC7CF5003E5238 /* Debug */ = {
			isa = XCBuildConfiguration;
			buildSettings = {
				BUNDLE_LOADER = "$(TEST_HOST)";
				CODE_SIGN_STYLE = Automatic;
				CURRENT_PROJECT_VERSION = 1;
				DEVELOPMENT_TEAM = ZZ6C4342NF;
				GENERATE_INFOPLIST_FILE = YES;
				IPHONEOS_DEPLOYMENT_TARGET = 26.2;
				MARKETING_VERSION = 1.0;
				PRODUCT_BUNDLE_IDENTIFIER = "Digitaal-Hit-FM.Digitaal-Hit-FM-iPad.Digitaal-Hit-FmTests";
				PRODUCT_NAME = "$(TARGET_NAME)";
				STRING_CATALOG_GENERATE_SYMBOLS = NO;
				SWIFT_APPROACHABLE_CONCURRENCY = YES;
				SWIFT_EMIT_LOC_STRINGS = NO;
				SWIFT_UPCOMING_FEATURE_MEMBER_IMPORT_VISIBILITY = YES;
				SWIFT_VERSION = 5.0;
				TARGETED_DEVICE_FAMILY = "1,2";
				TEST_HOST = "$(BUILT_PRODUCTS_DIR)/Digitaal Hit Fm.app/$(BUNDLE_EXECUTABLE_FOLDER_PATH)/Digitaal Hit Fm";
			};
			name = Debug;
		};
		52C1141D2FDC7CF5003E5238 /* Release */ = {
			isa = XCBuildConfiguration;
			buildSettings = {
				BUNDLE_LOADER = "$(TEST_HOST)";
				CODE_SIGN_STYLE = Automatic;
				CURRENT_PROJECT_VERSION = 1;
				DEVELOPMENT_TEAM = ZZ6C4342NF;
				GENERATE_INFOPLIST_FILE = YES;
				IPHONEOS_DEPLOYMENT_TARGET = 26.2;
				MARKETING_VERSION = 1.0;
				PRODUCT_BUNDLE_IDENTIFIER = "Digitaal-Hit-FM.Digitaal-Hit-FM-iPad.Digitaal-Hit-FmTests";
				PRODUCT_NAME = "$(TARGET_NAME)";
				STRING_CATALOG_GENERATE_SYMBOLS = NO;
				SWIFT_APPROACHABLE_CONCURRENCY = YES;
				SWIFT_EMIT_LOC_STRINGS = NO;
				SWIFT_UPCOMING_FEATURE_MEMBER_IMPORT_VISIBILITY = YES;
				SWIFT_VERSION = 5.0;
				TARGETED_DEVICE_FAMILY = "1,2";
				TEST_HOST = "$(BUILT_PRODUCTS_DIR)/Digitaal Hit Fm.app/$(BUNDLE_EXECUTABLE_FOLDER_PATH)/Digitaal Hit Fm";
			};
			name = Release;
		};
		52C1141F2FDC7CF5003E5238 /* Debug */ = {
			isa = XCBuildConfiguration;
			buildSettings = {
				CODE_SIGN_STYLE = Automatic;
				CURRENT_PROJECT_VERSION = 1;
				DEVELOPMENT_TEAM = ZZ6C4342NF;
				GENERATE_INFOPLIST_FILE = YES;
				MARKETING_VERSION = 1.0;
				PRODUCT_BUNDLE_IDENTIFIER = "Digitaal-Hit-FM.Digitaal-Hit-FM-iPad.Digitaal-Hit-FmUITests";
				PRODUCT_NAME = "$(TARGET_NAME)";
				STRING_CATALOG_GENERATE_SYMBOLS = NO;
				SWIFT_APPROACHABLE_CONCURRENCY = YES;
				SWIFT_EMIT_LOC_STRINGS = NO;
				SWIFT_UPCOMING_FEATURE_MEMBER_IMPORT_VISIBILITY = YES;
				SWIFT_VERSION = 5.0;
				TARGETED_DEVICE_FAMILY = "1,2";
				TEST_TARGET_NAME = "Digitaal Hit Fm";
			};
			name = Debug;
		};
		52C114202FDC7CF5003E5238 /* Release */ = {
			isa = XCBuildConfiguration;
			buildSettings = {
				CODE_SIGN_STYLE = Automatic;
				CURRENT_PROJECT_VERSION = 1;
				DEVELOPMENT_TEAM = ZZ6C4342NF;
				GENERATE_INFOPLIST_FILE = YES;
				MARKETING_VERSION = 1.0;
				PRODUCT_BUNDLE_IDENTIFIER = "Digitaal-Hit-FM.Digitaal-Hit-FM-iPad.Digitaal-Hit-FmUITests";
				PRODUCT_NAME = "$(TARGET_NAME)";
				STRING_CATALOG_GENERATE_SYMBOLS = NO;
				SWIFT_APPROACHABLE_CONCURRENCY = YES;
				SWIFT_EMIT_LOC_STRINGS = NO;
				SWIFT_UPCOMING_FEATURE_MEMBER_IMPORT_VISIBILITY = YES;
				SWIFT_VERSION = 5.0;
				TARGETED_DEVICE_FAMILY = "1,2";
				TEST_TARGET_NAME = "Digitaal Hit Fm";
			};
			name = Release;
		};
/* End XCBuildConfiguration section */

/* Begin XCConfigurationList section */
		52C113F02FDC7CEE003E5238 /* Build configuration list for PBXProject "Digitaal Hit Fm" */ = {
			isa = XCConfigurationList;
			buildConfigurations = (
				52C114162FDC7CF5003E5238 /* Debug */,
				52C114172FDC7CF5003E5238 /* Release */,
			);
			defaultConfigurationIsVisible = 0;
			defaultConfigurationName = Release;
		};
		52C114182FDC7CF5003E5238 /* Build configuration list for PBXNativeTarget "Digitaal Hit Fm" */ = {
			isa = XCConfigurationList;
			buildConfigurations = (
				52C114192FDC7CF5003E5238 /* Debug */,
				52C1141A2FDC7CF5003E5238 /* Release */,
			);
			defaultConfigurationIsVisible = 0;
			defaultConfigurationName = Release;
		};
		52C1141B2FDC7CF5003E5238 /* Build configuration list for PBXNativeTarget "Digitaal Hit FmTests" */ = {
			isa = XCConfigurationList;
			buildConfigurations = (
				52C1141C2FDC7CF5003E5238 /* Debug */,
				52C1141D2FDC7CF5003E5238 /* Release */,
			);
			defaultConfigurationIsVisible = 0;
			defaultConfigurationName = Release;
		};
		52C1141E2FDC7CF5003E5238 /* Build configuration list for PBXNativeTarget "Digitaal Hit FmUITests" */ = {
			isa = XCConfigurationList;
			buildConfigurations = (
				52C1141F2FDC7CF5003E5238 /* Debug */,
				52C114202FDC7CF5003E5238 /* Release */,
			);
			defaultConfigurationIsVisible = 0;
			defaultConfigurationName = Release;
		};
/* End XCConfigurationList section */
	};
	rootObject = 52C113ED2FDC7CEE003E5238 /* Project object */;
}
